
Microsoft Visual Studio Solution File, Format Version 12.00
# Visual Studio Version 17
VisualStudioVersion = 17.10.35122.118
MinimumVisualStudioVersion = 10.0.40219.1
Project("{FAE04EC0-301F-11D3-BF4B-00C04F79EFBC}") = "Net_8_LoginApp", "Net_8_LoginApp.csproj", "{FCAAA91E-B563-493A-9F45-E79882934254}"
EndProject
Global
	GlobalSection(SolutionConfigurationPlatforms) = preSolution
		Debug|Any CPU = Debug|Any CPU
		Release|Any CPU = Release|Any CPU
	EndGlobalSection
	GlobalSection(ProjectConfigurationPlatforms) = postSolution
		{FCAAA91E-B563-493A-9F45-E79882934254}.Debug|Any CPU.ActiveCfg = Debug|Any CPU
		{FCAAA91E-B563-493A-9F45-E79882934254}.Debug|Any CPU.Build.0 = Debug|Any CPU
		{FCAAA91E-B563-493A-9F45-E79882934254}.Release|Any CPU.ActiveCfg = Release|Any CPU
		{FCAAA91E-B563-493A-9F45-E79882934254}.Release|Any CPU.Build.0 = Release|Any CPU
	EndGlobalSection
	GlobalSection(SolutionProperties) = preSolution
		HideSolutionNode = FALSE
	EndGlobalSection
	GlobalSection(ExtensibilityGlobals) = postSolution
		SolutionGuid = {BAC5E97F-437D-4481-AA6B-205614EA0855}
	EndGlobalSection
EndGlobal
